
Microsoft Visual Studio Solution File, Format Version 12.00
# Visual Studio Version 17
VisualStudioVersion = 17.4.33213.308
MinimumVisualStudioVersion = 10.0.40219.1
Project("{9A19103F-16F7-4668-BE54-9A1E7A4F7556}") = "DrawApi", "DrawApi.csproj", "{C630DA28-F5E9-4675-9A11-180481E474FA}"
EndProject
Global
	GlobalSection(SolutionConfigurationPlatforms) = preSolution
		Debug|Any CPU = Debug|Any CPU
		Release|Any CPU = Release|Any CPU
	EndGlobalSection
	GlobalSection(ProjectConfigurationPlatforms) = postSolution
		{C630DA28-F5E9-4675-9A11-180481E474FA}.Debug|Any CPU.ActiveCfg = Debug|Any CPU
		{C630DA28-F5E9-4675-9A11-180481E474FA}.Debug|Any CPU.Build.0 = Debug|Any CPU
		{C630DA28-F5E9-4675-9A11-180481E474FA}.Release|Any CPU.ActiveCfg = Release|Any CPU
		{C630DA28-F5E9-4675-9A11-180481E474FA}.Release|Any CPU.Build.0 = Release|Any CPU
	EndGlobalSection
	GlobalSection(SolutionProperties) = preSolution
		HideSolutionNode = FALSE
	EndGlobalSection
	GlobalSection(ExtensibilityGlobals) = postSolution
		SolutionGuid = {8ED45F3D-D2FC-48BB-AE12-82909B52079D}
	EndGlobalSection
EndGlobal
